
Microsoft Visual Studio Solution File, Format Version 12.00
# Visual Studio Version 16
VisualStudioVersion = 16.0.34301.259
MinimumVisualStudioVersion = 10.0.40219.1
Project("{FAE04EC0-301F-11D3-BF4B-00C04F79EFBC}") = "routenVerwaltung", "routenVerwaltung.csproj", "{017E991E-9867-4A22-A6B9-6C2774BDB21B}"
EndProject
Global
	GlobalSection(SolutionConfigurationPlatforms) = preSolution
		Debug|Any CPU = Debug|Any CPU
		Release|Any CPU = Release|Any CPU
	EndGlobalSection
	GlobalSection(ProjectConfigurationPlatforms) = postSolution
		{017E991E-9867-4A22-A6B9-6C2774BDB21B}.Debug|Any CPU.ActiveCfg = Debug|Any CPU
		{017E991E-9867-4A22-A6B9-6C2774BDB21B}.Debug|Any CPU.Build.0 = Debug|Any CPU
		{017E991E-9867-4A22-A6B9-6C2774BDB21B}.Release|Any CPU.ActiveCfg = Release|Any CPU
		{017E991E-9867-4A22-A6B9-6C2774BDB21B}.Release|Any CPU.Build.0 = Release|Any CPU
	EndGlobalSection
	GlobalSection(SolutionProperties) = preSolution
		HideSolutionNode = FALSE
	EndGlobalSection
	GlobalSection(ExtensibilityGlobals) = postSolution
		SolutionGuid = {57E00A84-69BB-48C5-9178-02F8ABB1F4F9}
	EndGlobalSection
EndGlobal
